{
  "requires": true,
  "lockfileVersion": 1,
  "dependencies": {
    "ming_node": {
      "version": "0.1.5",
      "resolved": "https://registry.npmjs.org/ming_node/-/ming_node-0.1.5.tgz",
      "integrity": "sha512-xp9oOreHvoltQLCtcYleB75t2mIKPQWMh7w84HwJfaXSXFC+ABcmReipVyosZvdkTpeWVtkWiczPfWrk9XHu4A=="
    }
  }
}
